// !$*UTF8*$!
{
	archiveVersion = 1;
	classes = {
	};
	objectVersion = 46;
	objects = {

/* Begin PBXBuildFile section */
		EF3C3F09E47952A819123557 /* Pods_SaveMe.framework in Frameworks */ = {isa = PBXBuildFile; fileRef = E54D1BBC27D116DA5E2E1167 /* Pods_SaveMe.framework */; };
		F70935041C41A0A100E38033 /* AppDelegate.swift in Sources */ = {isa = PBXBuildFile; fileRef = F70935031C41A0A100E38033 /* AppDelegate.swift */; };
		F70935091C41A0A100E38033 /* Main.storyboard in Resources */ = {isa = PBXBuildFile; fileRef = F70935071C41A0A100E38033 /* Main.storyboard */; };
		F709350B1C41A0A100E38033 /* Assets.xcassets in Resources */ = {isa = PBXBuildFile; fileRef = F709350A1C41A0A100E38033 /* Assets.xcassets */; };
		F709350E1C41A0A100E38033 /* LaunchScreen.storyboard in Resources */ = {isa = PBXBuildFile; fileRef = F709350C1C41A0A100E38033 /* LaunchScreen.storyboard */; };
		F70935161C41A24700E38033 /* MainViewController.swift in Sources */ = {isa = PBXBuildFile; fileRef = F70935151C41A24700E38033 /* MainViewController.swift */; };
		F77D34F41C41CDA2001E86C0 /* CallManager.swift in Sources */ = {isa = PBXBuildFile; fileRef = F77D34F31C41CDA2001E86C0 /* CallManager.swift */; };
/* End PBXBuildFile section */

/* Begin PBXFileReference section */
		01DAA8F42582A58F98FBF50F /* Pods-SaveMe.release.xcconfig */ = {isa = PBXFileReference; includeInIndex = 1; lastKnownFileType = text.xcconfig; name = "Pods-SaveMe.release.xcconfig"; path = "Pods/Target Support Files/Pods-SaveMe/Pods-SaveMe.release.xcconfig"; sourceTree = "<group>"; };
		9FADE47639E07B3D71B78FE7 /* Pods-SaveMe.debug.xcconfig */ = {isa = PBXFileReference; includeInIndex = 1; lastKnownFileType = text.xcconfig; name = "Pods-SaveMe.debug.xcconfig"; path = "Pods/Target Support Files/Pods-SaveMe/Pods-SaveMe.debug.xcconfig"; sourceTree = "<group>"; };
		E54D1BBC27D116DA5E2E1167 /* Pods_SaveMe.framework */ = {isa = PBXFileReference; explicitFileType = wrapper.framework; includeInIndex = 0; path = Pods_SaveMe.framework; sourceTree = BUILT_PRODUCTS_DIR; };
		F70935001C41A0A100E38033 /* SaveMe.app */ = {isa = PBXFileReference; explicitFileType = wrapper.application; includeInIndex = 0; path = SaveMe.app; sourceTree = BUILT_PRODUCTS_DIR; };
		F70935031C41A0A100E38033 /* AppDelegate.swift */ = {isa = PBXFileReference; lastKnownFileType = sourcecode.swift; path = AppDelegate.swift; sourceTree = "<group>"; };
		F70935081C41A0A100E38033 /* Base */ = {isa = PBXFileReference; lastKnownFileType = file.storyboard; name = Base; path = Base.lproj/Main.storyboard; sourceTree = "<group>"; };
		F709350A1C41A0A100E38033 /* Assets.xcassets */ = {isa = PBXFileReference; lastKnownFileType = folder.assetcatalog; path = Assets.xcassets; sourceTree = "<group>"; };
		F709350D1C41A0A100E38033 /* Base */ = {isa = PBXFileReference; lastKnownFileType = file.storyboard; name = Base; path = Base.lproj/LaunchScreen.storyboard; sourceTree = "<group>"; };
		F709350F1C41A0A100E38033 /* Info.plist */ = {isa = PBXFileReference; lastKnownFileType = text.plist.xml; path = Info.plist; sourceTree = "<group>"; };
		F70935151C41A24700E38033 /* MainViewController.swift */ = {isa = PBXFileReference; fileEncoding = 4; lastKnownFileType = sourcecode.swift; path = MainViewController.swift; sourceTree = "<group>"; };
		F77D34F31C41CDA2001E86C0 /* CallManager.swift */ = {isa = PBXFileReference; fileEncoding = 4; lastKnownFileType = sourcecode.swift; path = CallManager.swift; sourceTree = "<group>"; };
/* End PBXFileReference section */

/* Begin PBXFrameworksBuildPhase section */
		F70934FD1C41A0A100E38033 /* Frameworks */ = {
			isa = PBXFrameworksBuildPhase;
			buildActionMask = 2147483647;
			files = (
				EF3C3F09E47952A819123557 /* Pods_SaveMe.framework in Frameworks */,
			);
			runOnlyForDeploymentPostprocessing = 0;
		};
/* End PBXFrameworksBuildPhase section */

/* Begin PBXGroup section */
		7EA4118E10AF8AB15CE3326D /* Pods */ = {
			isa = PBXGroup;
			children = (
				9FADE47639E07B3D71B78FE7 /* Pods-SaveMe.debug.xcconfig */,
				01DAA8F42582A58F98FBF50F /* Pods-SaveMe.release.xcconfig */,
			);
			name = Pods;
			sourceTree = "<group>";
		};
		D8EFBE3E46C85E2D802FFC57 /* Frameworks */ = {
			isa = PBXGroup;
			children = (
				E54D1BBC27D116DA5E2E1167 /* Pods_SaveMe.framework */,
			);
			name = Frameworks;
			sourceTree = "<group>";
		};
		F70934F71C41A0A100E38033 = {
			isa = PBXGroup;
			children = (
				F70935021C41A0A100E38033 /* SaveMe */,
				F70935011C41A0A100E38033 /* Products */,
				7EA4118E10AF8AB15CE3326D /* Pods */,
				D8EFBE3E46C85E2D802FFC57 /* Frameworks */,
			);
			sourceTree = "<group>";
		};
		F70935011C41A0A100E38033 /* Products */ = {
			isa = PBXGroup;
			children = (
				F70935001C41A0A100E38033 /* SaveMe.app */,
			);
			name = Products;
			sourceTree = "<group>";
		};
		F70935021C41A0A100E38033 /* SaveMe */ = {
			isa = PBXGroup;
			children = (
				F70935031C41A0A100E38033 /* AppDelegate.swift */,
				F70935151C41A24700E38033 /* MainViewController.swift */,
				F77D34F31C41CDA2001E86C0 /* CallManager.swift */,
				F70935071C41A0A100E38033 /* Main.storyboard */,
				F709350A1C41A0A100E38033 /* Assets.xcassets */,
				F709350C1C41A0A100E38033 /* LaunchScreen.storyboard */,
				F709350F1C41A0A100E38033 /* Info.plist */,
			);
			path = SaveMe;
			sourceTree = "<group>";
		};
/* End PBXGroup section */

/* Begin PBXNativeTarget section */
		F70934FF1C41A0A100E38033 /* SaveMe */ = {
			isa = PBXNativeTarget;
			buildConfigurationList = F70935121C41A0A100E38033 /* Build configuration list for PBXNativeTarget "SaveMe" */;
			buildPhases = (
				CDCAC17F162B2CEE70471AE6 /* Check Pods Manifest.lock */,
				F70934FC1C41A0A100E38033 /* Sources */,
				F70934FD1C41A0A100E38033 /* Frameworks */,
				F70934FE1C41A0A100E38033 /* Resources */,
				F141BDD29FECD58101A81AB4 /* Embed Pods Frameworks */,
				0153F0530429119FC5E1DA9E /* Copy Pods Resources */,
			);
			buildRules = (
			);
			dependencies = (
			);
			name = SaveMe;
			productName = SaveMe;
			productReference = F70935001C41A0A100E38033 /* SaveMe.app */;
			productType = "com.apple.product-type.application";
		};
/* End PBXNativeTarget section */

/* Begin PBXProject section */
		F70934F81C41A0A100E38033 /* Project object */ = {
			isa = PBXProject;
			attributes = {
				LastSwiftUpdateCheck = 0720;
				LastUpgradeCheck = 0720;
				ORGANIZATIONNAME = "Nolan Dey";
				TargetAttributes = {
					F70934FF1C41A0A100E38033 = {
						CreatedOnToolsVersion = 7.2;
						DevelopmentTeam = 7MK3VY76N4;
					};
				};
			};
			buildConfigurationList = F70934FB1C41A0A100E38033 /* Build configuration list for PBXProject "SaveMe" */;
			compatibilityVersion = "Xcode 3.2";
			developmentRegion = English;
			hasScannedForEncodings = 0;
			knownRegions = (
				en,
				Base,
			);
			mainGroup = F70934F71C41A0A100E38033;
			productRefGroup = F70935011C41A0A100E38033 /* Products */;
			projectDirPath = "";
			projectRoot = "";
			targets = (
				F70934FF1C41A0A100E38033 /* SaveMe */,
			);
		};
/* End PBXProject section */

/* Begin PBXResourcesBuildPhase section */
		F70934FE1C41A0A100E38033 /* Resources */ = {
			isa = PBXResourcesBuildPhase;
			buildActionMask = 2147483647;
			files = (
				F709350E1C41A0A100E38033 /* LaunchScreen.storyboard in Resources */,
				F709350B1C41A0A100E38033 /* Assets.xcassets in Resources */,
				F70935091C41A0A100E38033 /* Main.storyboard in Resources */,
			);
			runOnlyForDeploymentPostprocessing = 0;
		};
/* End PBXResourcesBuildPhase section */

/* Begin PBXShellScriptBuildPhase section */
		0153F0530429119FC5E1DA9E /* Copy Pods Resources */ = {
			isa = PBXShellScriptBuildPhase;
			buildActionMask = 2147483647;
			files = (
			);
			inputPaths = (
			);
			name = "Copy Pods Resources";
			outputPaths = (
			);
			runOnlyForDeploymentPostprocessing = 0;
			shellPath = /bin/sh;
			shellScript = "\"${SRCROOT}/Pods/Target Support Files/Pods-SaveMe/Pods-SaveMe-resources.sh\"\n";
			showEnvVarsInLog = 0;
		};
		CDCAC17F162B2CEE70471AE6 /* Check Pods Manifest.lock */ = {
			isa = PBXShellScriptBuildPhase;
			buildActionMask = 2147483647;
			files = (
			);
			inputPaths = (
			);
			name = "Check Pods Manifest.lock";
			outputPaths = (
			);
			runOnlyForDeploymentPostprocessing = 0;
			shellPath = /bin/sh;
			shellScript = "diff \"${PODS_ROOT}/../Podfile.lock\" \"${PODS_ROOT}/Manifest.lock\" > /dev/null\nif [[ $? != 0 ]] ; then\n    cat << EOM\nerror: The sandbox is not in sync with the Podfile.lock. Run 'pod install' or update your CocoaPods installation.\nEOM\n    exit 1\nfi\n";
			showEnvVarsInLog = 0;
		};
		F141BDD29FECD58101A81AB4 /* Embed Pods Frameworks */ = {
			isa = PBXShellScriptBuildPhase;
			buildActionMask = 2147483647;
			files = (
			);
			inputPaths = (
			);
			name = "Embed Pods Frameworks";
			outputPaths = (
			);
			runOnlyForDeploymentPostprocessing = 0;
			shellPath = /bin/sh;
			shellScript = "\"${SRCROOT}/Pods/Target Support Files/Pods-SaveMe/Pods-SaveMe-frameworks.sh\"\n";
			showEnvVarsInLog = 0;
		};
/* End PBXShellScriptBuildPhase section */

/* Begin PBXSourcesBuildPhase section */
		F70934FC1C41A0A100E38033 /* Sources */ = {
			isa = PBXSourcesBuildPhase;
			buildActionMask = 2147483647;
			files = (
				F77D34F41C41CDA2001E86C0 /* CallManager.swift in Sources */,
				F70935161C41A24700E38033 /* MainViewController.swift in Sources */,
				F70935041C41A0A100E38033 /* AppDelegate.swift in Sources */,
			);
			runOnlyForDeploymentPostprocessing = 0;
		};
/* End PBXSourcesBuildPhase section */

/* Begin PBXVariantGroup section */
		F70935071C41A0A100E38033 /* Main.storyboard */ = {
			isa = PBXVariantGroup;
			children = (
				F70935081C41A0A100E38033 /* Base */,
			);
			name = Main.storyboard;
			sourceTree = "<group>";
		};
		F709350C1C41A0A100E38033 /* LaunchScreen.storyboard */ = {
			isa = PBXVariantGroup;
			children = (
				F709350D1C41A0A100E38033 /* Base */,
			);
			name = LaunchScreen.storyboard;
			sourceTree = "<group>";
		};
/* End PBXVariantGroup section */

/* Begin XCBuildConfiguration section */
		F70935101C41A0A100E38033 /* Debug */ = {
			isa = XCBuildConfiguration;
			buildSettings = {
				ALWAYS_SEARCH_USER_PATHS = NO;
				CLANG_CXX_LANGUAGE_STANDARD = "gnu++0x";
				CLANG_CXX_LIBRARY = "libc++";
				CLANG_ENABLE_MODULES = YES;
				CLANG_ENABLE_OBJC_ARC = YES;
				CLANG_WARN_BOOL_CONVERSION = YES;
				CLANG_WARN_CONSTANT_CONVERSION = YES;
				CLANG_WARN_DIRECT_OBJC_ISA_USAGE = YES_ERROR;
				CLANG_WARN_EMPTY_BODY = YES;
				CLANG_WARN_ENUM_CONVERSION = YES;
				CLANG_WARN_INT_CONVERSION = YES;
				CLANG_WARN_OBJC_ROOT_CLASS = YES_ERROR;
				CLANG_WARN_UNREACHABLE_CODE = YES;
				CLANG_WARN__DUPLICATE_METHOD_MATCH = YES;
				"CODE_SIGN_IDENTITY[sdk=iphoneos*]" = "iPhone Developer";
				COPY_PHASE_STRIP = NO;
				DEBUG_INFORMATION_FORMAT = dwarf;
				ENABLE_STRICT_OBJC_MSGSEND = YES;
				ENABLE_TESTABILITY = YES;
				GCC_C_LANGUAGE_STANDARD = gnu99;
				GCC_DYNAMIC_NO_PIC = NO;
				GCC_NO_COMMON_BLOCKS = YES;
				GCC_OPTIMIZATION_LEVEL = 0;
				GCC_PREPROCESSOR_DEFINITIONS = (
					"DEBUG=1",
					"$(inherited)",
				);
				GCC_WARN_64_TO_32_BIT_CONVERSION = YES;
				GCC_WARN_ABOUT_RETURN_TYPE = YES_ERROR;
				GCC_WARN_UNDECLARED_SELECTOR = YES;
				GCC_WARN_UNINITIALIZED_AUTOS = YES_AGGRESSIVE;
				GCC_WARN_UNUSED_FUNCTION = YES;
				GCC_WARN_UNUSED_VARIABLE = YES;
				IPHONEOS_DEPLOYMENT_TARGET = 9.2;
				MTL_ENABLE_DEBUG_INFO = YES;
				ONLY_ACTIVE_ARCH = YES;
				SDKROOT = iphoneos;
				SWIFT_OPTIMIZATION_LEVEL = "-Onone";
			};
			name = Debug;
		};
		F70935111C41A0A100E38033 /* Release */ = {
			isa = XCBuildConfiguration;
			buildSettings = {
				ALWAYS_SEARCH_USER_PATHS = NO;
				CLANG_CXX_LANGUAGE_STANDARD = "gnu++0x";
				CLANG_CXX_LIBRARY = "libc++";
				CLANG_ENABLE_MODULES = YES;
				CLANG_ENABLE_OBJC_ARC = YES;
				CLANG_WARN_BOOL_CONVERSION = YES;
				CLANG_WARN_CONSTANT_CONVERSION = YES;
				CLANG_WARN_DIRECT_OBJC_ISA_USAGE = YES_ERROR;
				CLANG_WARN_EMPTY_BODY = YES;
				CLANG_WARN_ENUM_CONVERSION = YES;
				CLANG_WARN_INT_CONVERSION = YES;
				CLANG_WARN_OBJC_ROOT_CLASS = YES_ERROR;
				CLANG_WARN_UNREACHABLE_CODE = YES;
				CLANG_WARN__DUPLICATE_METHOD_MATCH = YES;
				"CODE_SIGN_IDENTITY[sdk=iphoneos*]" = "iPhone Developer";
				COPY_PHASE_STRIP = NO;
				DEBUG_INFORMATION_FORMAT = "dwarf-with-dsym";
				ENABLE_NS_ASSERTIONS = NO;
				ENABLE_STRICT_OBJC_MSGSEND = YES;
				GCC_C_LANGUAGE_STANDARD = gnu99;
				GCC_NO_COMMON_BLOCKS = YES;
				GCC_WARN_64_TO_32_BIT_CONVERSION = YES;
				GCC_WARN_ABOUT_RETURN_TYPE = YES_ERROR;
				GCC_WARN_UNDECLARED_SELECTOR = YES;
				GCC_WARN_UNINITIALIZED_AUTOS = YES_AGGRESSIVE;
				GCC_WARN_UNUSED_FUNCTION = YES;
				GCC_WARN_UNUSED_VARIABLE = YES;
				IPHONEOS_DEPLOYMENT_TARGET = 9.2;
				MTL_ENABLE_DEBUG_INFO = NO;
				SDKROOT = iphoneos;
				VALIDATE_PRODUCT = YES;
			};
			name = Release;
		};
		F70935131C41A0A100E38033 /* Debug */ = {
			isa = XCBuildConfiguration;
			baseConfigurationReference = 9FADE47639E07B3D71B78FE7 /* Pods-SaveMe.debug.xcconfig */;
			buildSettings = {
				ASSETCATALOG_COMPILER_APPICON_NAME = AppIcon;
				CODE_SIGN_IDENTITY = "iPhone Developer";
				"CODE_SIGN_IDENTITY[sdk=iphoneos*]" = "iPhone Developer";
				INFOPLIST_FILE = SaveMe/Info.plist;
				LD_RUNPATH_SEARCH_PATHS = "$(inherited) @executable_path/Frameworks";
				PRODUCT_BUNDLE_IDENTIFIER = com.example.SaveMe;
				PRODUCT_NAME = "$(TARGET_NAME)";
				PROVISIONING_PROFILE = "";
			};
			name = Debug;
		};
		F70935141C41A0A100E38033 /* Release */ = {
			isa = XCBuildConfiguration;
			baseConfigurationReference = 01DAA8F42582A58F98FBF50F /* Pods-SaveMe.release.xcconfig */;
			buildSettings = {
				ASSETCATALOG_COMPILER_APPICON_NAME = AppIcon;
				CODE_SIGN_IDENTITY = "iPhone Developer";
				"CODE_SIGN_IDENTITY[sdk=iphoneos*]" = "iPhone Developer";
				INFOPLIST_FILE = SaveMe/Info.plist;
				LD_RUNPATH_SEARCH_PATHS = "$(inherited) @executable_path/Frameworks";
				PRODUCT_BUNDLE_IDENTIFIER = com.example.SaveMe;
				PRODUCT_NAME = "$(TARGET_NAME)";
				PROVISIONING_PROFILE = "";
			};
			name = Release;
		};
/* End XCBuildConfiguration section */

/* Begin XCConfigurationList section */
		F70934FB1C41A0A100E38033 /* Build configuration list for PBXProject "SaveMe" */ = {
			isa = XCConfigurationList;
			buildConfigurations = (
				F70935101C41A0A100E38033 /* Debug */,
				F70935111C41A0A100E38033 /* Release */,
			);
			defaultConfigurationIsVisible = 0;
			defaultConfigurationName = Release;
		};
		F70935121C41A0A100E38033 /* Build configuration list for PBXNativeTarget "SaveMe" */ = {
			isa = XCConfigurationList;
			buildConfigurations = (
				F70935131C41A0A100E38033 /* Debug */,
				F70935141C41A0A100E38033 /* Release */,
			);
			defaultConfigurationIsVisible = 0;
			defaultConfigurationName = Release;
		};
/* End XCConfigurationList section */
	};
	rootObject = F70934F81C41A0A100E38033 /* Project object */;
}
