// !$*UTF8*$!
{
	archiveVersion = 1;
	classes = {
	};
	objectVersion = 46;
	objects = {

/* Begin PBXBuildFile section */
		BCFDE59D7F7F62B64D1C1D4F /* Pods_SaveMe_iPhone.framework in Frameworks */ = {isa = PBXBuildFile; fileRef = 84397EE11E48AA66DF1EEEAE /* Pods_SaveMe_iPhone.framework */; };
		F7AF73C21DC19D9300241768 /* AppDelegate.swift in Sources */ = {isa = PBXBuildFile; fileRef = F7AF73C11DC19D9300241768 /* AppDelegate.swift */; };
		F7AF73C91DC19D9300241768 /* Assets.xcassets in Resources */ = {isa = PBXBuildFile; fileRef = F7AF73C81DC19D9300241768 /* Assets.xcassets */; };
		F7AF73CC1DC19D9300241768 /* LaunchScreen.storyboard in Resources */ = {isa = PBXBuildFile; fileRef = F7AF73CA1DC19D9300241768 /* LaunchScreen.storyboard */; };
		F7AF73D61DC19E2B00241768 /* CallManager.swift in Sources */ = {isa = PBXBuildFile; fileRef = F7AF73D31DC19E2B00241768 /* CallManager.swift */; };
		F7AF73D71DC19E2B00241768 /* MainViewController.swift in Sources */ = {isa = PBXBuildFile; fileRef = F7AF73D41DC19E2B00241768 /* MainViewController.swift */; };
		F7AF73D81DC19E2B00241768 /* ProfileViewController.swift in Sources */ = {isa = PBXBuildFile; fileRef = F7AF73D51DC19E2B00241768 /* ProfileViewController.swift */; };
/* End PBXBuildFile section */

/* Begin PBXFileReference section */
		0D3144E61D1C34E33EE76623 /* Pods-SaveMe-iPhone.release.xcconfig */ = {isa = PBXFileReference; includeInIndex = 1; lastKnownFileType = text.xcconfig; name = "Pods-SaveMe-iPhone.release.xcconfig"; path = "Pods/Target Support Files/Pods-SaveMe-iPhone/Pods-SaveMe-iPhone.release.xcconfig"; sourceTree = "<group>"; };
		84397EE11E48AA66DF1EEEAE /* Pods_SaveMe_iPhone.framework */ = {isa = PBXFileReference; explicitFileType = wrapper.framework; includeInIndex = 0; path = Pods_SaveMe_iPhone.framework; sourceTree = BUILT_PRODUCTS_DIR; };
		E7F70238A3C0B3C8000F377E /* Pods-SaveMe-iPhone.debug.xcconfig */ = {isa = PBXFileReference; includeInIndex = 1; lastKnownFileType = text.xcconfig; name = "Pods-SaveMe-iPhone.debug.xcconfig"; path = "Pods/Target Support Files/Pods-SaveMe-iPhone/Pods-SaveMe-iPhone.debug.xcconfig"; sourceTree = "<group>"; };
		F7AF73BE1DC19D9300241768 /* SaveMe-iPhone.app */ = {isa = PBXFileReference; explicitFileType = wrapper.application; includeInIndex = 0; path = "SaveMe-iPhone.app"; sourceTree = BUILT_PRODUCTS_DIR; };
		F7AF73C11DC19D9300241768 /* AppDelegate.swift */ = {isa = PBXFileReference; lastKnownFileType = sourcecode.swift; path = AppDelegate.swift; sourceTree = "<group>"; };
		F7AF73C81DC19D9300241768 /* Assets.xcassets */ = {isa = PBXFileReference; lastKnownFileType = folder.assetcatalog; path = Assets.xcassets; sourceTree = "<group>"; };
		F7AF73CB1DC19D9300241768 /* Base */ = {isa = PBXFileReference; lastKnownFileType = file.storyboard; name = Base; path = Base.lproj/LaunchScreen.storyboard; sourceTree = "<group>"; };
		F7AF73CD1DC19D9300241768 /* Info.plist */ = {isa = PBXFileReference; lastKnownFileType = text.plist.xml; path = Info.plist; sourceTree = "<group>"; };
		F7AF73D31DC19E2B00241768 /* CallManager.swift */ = {isa = PBXFileReference; fileEncoding = 4; lastKnownFileType = sourcecode.swift; path = CallManager.swift; sourceTree = "<group>"; };
		F7AF73D41DC19E2B00241768 /* MainViewController.swift */ = {isa = PBXFileReference; fileEncoding = 4; lastKnownFileType = sourcecode.swift; path = MainViewController.swift; sourceTree = "<group>"; };
		F7AF73D51DC19E2B00241768 /* ProfileViewController.swift */ = {isa = PBXFileReference; fileEncoding = 4; lastKnownFileType = sourcecode.swift; path = ProfileViewController.swift; sourceTree = "<group>"; };
/* End PBXFileReference section */

/* Begin PBXFrameworksBuildPhase section */
		F7AF73BB1DC19D9300241768 /* Frameworks */ = {
			isa = PBXFrameworksBuildPhase;
			buildActionMask = 2147483647;
			files = (
				BCFDE59D7F7F62B64D1C1D4F /* Pods_SaveMe_iPhone.framework in Frameworks */,
			);
			runOnlyForDeploymentPostprocessing = 0;
		};
/* End PBXFrameworksBuildPhase section */

/* Begin PBXGroup section */
		8E058704099672DBF38D27F5 /* Frameworks */ = {
			isa = PBXGroup;
			children = (
				84397EE11E48AA66DF1EEEAE /* Pods_SaveMe_iPhone.framework */,
			);
			name = Frameworks;
			sourceTree = "<group>";
		};
		EECEF90C769072AC2F30FDBF /* Pods */ = {
			isa = PBXGroup;
			children = (
				E7F70238A3C0B3C8000F377E /* Pods-SaveMe-iPhone.debug.xcconfig */,
				0D3144E61D1C34E33EE76623 /* Pods-SaveMe-iPhone.release.xcconfig */,
			);
			name = Pods;
			sourceTree = "<group>";
		};
		F7AF73B51DC19D9300241768 = {
			isa = PBXGroup;
			children = (
				F7AF73C01DC19D9300241768 /* SaveMe-iPhone */,
				F7AF73BF1DC19D9300241768 /* Products */,
				EECEF90C769072AC2F30FDBF /* Pods */,
				8E058704099672DBF38D27F5 /* Frameworks */,
			);
			sourceTree = "<group>";
		};
		F7AF73BF1DC19D9300241768 /* Products */ = {
			isa = PBXGroup;
			children = (
				F7AF73BE1DC19D9300241768 /* SaveMe-iPhone.app */,
			);
			name = Products;
			sourceTree = "<group>";
		};
		F7AF73C01DC19D9300241768 /* SaveMe-iPhone */ = {
			isa = PBXGroup;
			children = (
				F7AF73C11DC19D9300241768 /* AppDelegate.swift */,
				F7AF73D31DC19E2B00241768 /* CallManager.swift */,
				F7AF73D41DC19E2B00241768 /* MainViewController.swift */,
				F7AF73D51DC19E2B00241768 /* ProfileViewController.swift */,
				F7AF73C81DC19D9300241768 /* Assets.xcassets */,
				F7AF73CA1DC19D9300241768 /* LaunchScreen.storyboard */,
				F7AF73CD1DC19D9300241768 /* Info.plist */,
			);
			path = "SaveMe-iPhone";
			sourceTree = "<group>";
		};
/* End PBXGroup section */

/* Begin PBXNativeTarget section */
		F7AF73BD1DC19D9300241768 /* SaveMe-iPhone */ = {
			isa = PBXNativeTarget;
			buildConfigurationList = F7AF73D01DC19D9300241768 /* Build configuration list for PBXNativeTarget "SaveMe-iPhone" */;
			buildPhases = (
				F3D870AF2BA92DF9CF13E550 /* [CP] Check Pods Manifest.lock */,
				F7AF73BA1DC19D9300241768 /* Sources */,
				F7AF73BB1DC19D9300241768 /* Frameworks */,
				F7AF73BC1DC19D9300241768 /* Resources */,
				0F666349E51514D2F9D267E9 /* [CP] Embed Pods Frameworks */,
				19A699A541D47C68648F720E /* [CP] Copy Pods Resources */,
			);
			buildRules = (
			);
			dependencies = (
			);
			name = "SaveMe-iPhone";
			productName = "SaveMe-iPhone";
			productReference = F7AF73BE1DC19D9300241768 /* SaveMe-iPhone.app */;
			productType = "com.apple.product-type.application";
		};
/* End PBXNativeTarget section */

/* Begin PBXProject section */
		F7AF73B61DC19D9300241768 /* Project object */ = {
			isa = PBXProject;
			attributes = {
				LastSwiftUpdateCheck = 0800;
				LastUpgradeCheck = 0800;
				ORGANIZATIONNAME = "Nolan Dey";
				TargetAttributes = {
					F7AF73BD1DC19D9300241768 = {
						CreatedOnToolsVersion = 8.0;
						ProvisioningStyle = Automatic;
					};
				};
			};
			buildConfigurationList = F7AF73B91DC19D9300241768 /* Build configuration list for PBXProject "SaveMe-iPhone" */;
			compatibilityVersion = "Xcode 3.2";
			developmentRegion = English;
			hasScannedForEncodings = 0;
			knownRegions = (
				en,
				Base,
			);
			mainGroup = F7AF73B51DC19D9300241768;
			productRefGroup = F7AF73BF1DC19D9300241768 /* Products */;
			projectDirPath = "";
			projectRoot = "";
			targets = (
				F7AF73BD1DC19D9300241768 /* SaveMe-iPhone */,
			);
		};
/* End PBXProject section */

/* Begin PBXResourcesBuildPhase section */
		F7AF73BC1DC19D9300241768 /* Resources */ = {
			isa = PBXResourcesBuildPhase;
			buildActionMask = 2147483647;
			files = (
				F7AF73CC1DC19D9300241768 /* LaunchScreen.storyboard in Resources */,
				F7AF73C91DC19D9300241768 /* Assets.xcassets in Resources */,
			);
			runOnlyForDeploymentPostprocessing = 0;
		};
/* End PBXResourcesBuildPhase section */

/* Begin PBXShellScriptBuildPhase section */
		0F666349E51514D2F9D267E9 /* [CP] Embed Pods Frameworks */ = {
			isa = PBXShellScriptBuildPhase;
			buildActionMask = 2147483647;
			files = (
			);
			inputPaths = (
			);
			name = "[CP] Embed Pods Frameworks";
			outputPaths = (
			);
			runOnlyForDeploymentPostprocessing = 0;
			shellPath = /bin/sh;
			shellScript = "\"${SRCROOT}/Pods/Target Support Files/Pods-SaveMe-iPhone/Pods-SaveMe-iPhone-frameworks.sh\"\n";
			showEnvVarsInLog = 0;
		};
		19A699A541D47C68648F720E /* [CP] Copy Pods Resources */ = {
			isa = PBXShellScriptBuildPhase;
			buildActionMask = 2147483647;
			files = (
			);
			inputPaths = (
			);
			name = "[CP] Copy Pods Resources";
			outputPaths = (
			);
			runOnlyForDeploymentPostprocessing = 0;
			shellPath = /bin/sh;
			shellScript = "\"${SRCROOT}/Pods/Target Support Files/Pods-SaveMe-iPhone/Pods-SaveMe-iPhone-resources.sh\"\n";
			showEnvVarsInLog = 0;
		};
		F3D870AF2BA92DF9CF13E550 /* [CP] Check Pods Manifest.lock */ = {
			isa = PBXShellScriptBuildPhase;
			buildActionMask = 2147483647;
			files = (
			);
			inputPaths = (
			);
			name = "[CP] Check Pods Manifest.lock";
			outputPaths = (
			);
			runOnlyForDeploymentPostprocessing = 0;
			shellPath = /bin/sh;
			shellScript = "diff \"${PODS_ROOT}/../Podfile.lock\" \"${PODS_ROOT}/Manifest.lock\" > /dev/null\nif [ $? != 0 ] ; then\n    # print error to STDERR\n    echo \"error: The sandbox is not in sync with the Podfile.lock. Run 'pod install' or update your CocoaPods installation.\" >&2\n    exit 1\nfi\n";
			showEnvVarsInLog = 0;
		};
/* End PBXShellScriptBuildPhase section */

/* Begin PBXSourcesBuildPhase section */
		F7AF73BA1DC19D9300241768 /* Sources */ = {
			isa = PBXSourcesBuildPhase;
			buildActionMask = 2147483647;
			files = (
				F7AF73D71DC19E2B00241768 /* MainViewController.swift in Sources */,
				F7AF73C21DC19D9300241768 /* AppDelegate.swift in Sources */,
				F7AF73D81DC19E2B00241768 /* ProfileViewController.swift in Sources */,
				F7AF73D61DC19E2B00241768 /* CallManager.swift in Sources */,
			);
			runOnlyForDeploymentPostprocessing = 0;
		};
/* End PBXSourcesBuildPhase section */

/* Begin PBXVariantGroup section */
		F7AF73CA1DC19D9300241768 /* LaunchScreen.storyboard */ = {
			isa = PBXVariantGroup;
			children = (
				F7AF73CB1DC19D9300241768 /* Base */,
			);
			name = LaunchScreen.storyboard;
			sourceTree = "<group>";
		};
/* End PBXVariantGroup section */

/* Begin XCBuildConfiguration section */
		F7AF73CE1DC19D9300241768 /* Debug */ = {
			isa = XCBuildConfiguration;
			buildSettings = {
				ALWAYS_SEARCH_USER_PATHS = NO;
				CLANG_ANALYZER_NONNULL = YES;
				CLANG_CXX_LANGUAGE_STANDARD = "gnu++0x";
				CLANG_CXX_LIBRARY = "libc++";
				CLANG_ENABLE_MODULES = YES;
				CLANG_ENABLE_OBJC_ARC = YES;
				CLANG_WARN_BOOL_CONVERSION = YES;
				CLANG_WARN_CONSTANT_CONVERSION = YES;
				CLANG_WARN_DIRECT_OBJC_ISA_USAGE = YES_ERROR;
				CLANG_WARN_DOCUMENTATION_COMMENTS = YES;
				CLANG_WARN_EMPTY_BODY = YES;
				CLANG_WARN_ENUM_CONVERSION = YES;
				CLANG_WARN_INFINITE_RECURSION = YES;
				CLANG_WARN_INT_CONVERSION = YES;
				CLANG_WARN_OBJC_ROOT_CLASS = YES_ERROR;
				CLANG_WARN_SUSPICIOUS_MOVES = YES;
				CLANG_WARN_UNREACHABLE_CODE = YES;
				CLANG_WARN__DUPLICATE_METHOD_MATCH = YES;
				"CODE_SIGN_IDENTITY[sdk=iphoneos*]" = "iPhone Developer";
				COPY_PHASE_STRIP = NO;
				DEBUG_INFORMATION_FORMAT = dwarf;
				ENABLE_STRICT_OBJC_MSGSEND = YES;
				ENABLE_TESTABILITY = YES;
				GCC_C_LANGUAGE_STANDARD = gnu99;
				GCC_DYNAMIC_NO_PIC = NO;
				GCC_NO_COMMON_BLOCKS = YES;
				GCC_OPTIMIZATION_LEVEL = 0;
				GCC_PREPROCESSOR_DEFINITIONS = (
					"DEBUG=1",
					"$(inherited)",
				);
				GCC_WARN_64_TO_32_BIT_CONVERSION = YES;
				GCC_WARN_ABOUT_RETURN_TYPE = YES_ERROR;
				GCC_WARN_UNDECLARED_SELECTOR = YES;
				GCC_WARN_UNINITIALIZED_AUTOS = YES_AGGRESSIVE;
				GCC_WARN_UNUSED_FUNCTION = YES;
				GCC_WARN_UNUSED_VARIABLE = YES;
				IPHONEOS_DEPLOYMENT_TARGET = 10.0;
				MTL_ENABLE_DEBUG_INFO = YES;
				ONLY_ACTIVE_ARCH = YES;
				SDKROOT = iphoneos;
				SWIFT_ACTIVE_COMPILATION_CONDITIONS = DEBUG;
				SWIFT_OPTIMIZATION_LEVEL = "-Onone";
			};
			name = Debug;
		};
		F7AF73CF1DC19D9300241768 /* Release */ = {
			isa = XCBuildConfiguration;
			buildSettings = {
				ALWAYS_SEARCH_USER_PATHS = NO;
				CLANG_ANALYZER_NONNULL = YES;
				CLANG_CXX_LANGUAGE_STANDARD = "gnu++0x";
				CLANG_CXX_LIBRARY = "libc++";
				CLANG_ENABLE_MODULES = YES;
				CLANG_ENABLE_OBJC_ARC = YES;
				CLANG_WARN_BOOL_CONVERSION = YES;
				CLANG_WARN_CONSTANT_CONVERSION = YES;
				CLANG_WARN_DIRECT_OBJC_ISA_USAGE = YES_ERROR;
				CLANG_WARN_DOCUMENTATION_COMMENTS = YES;
				CLANG_WARN_EMPTY_BODY = YES;
				CLANG_WARN_ENUM_CONVERSION = YES;
				CLANG_WARN_INFINITE_RECURSION = YES;
				CLANG_WARN_INT_CONVERSION = YES;
				CLANG_WARN_OBJC_ROOT_CLASS = YES_ERROR;
				CLANG_WARN_SUSPICIOUS_MOVES = YES;
				CLANG_WARN_UNREACHABLE_CODE = YES;
				CLANG_WARN__DUPLICATE_METHOD_MATCH = YES;
				"CODE_SIGN_IDENTITY[sdk=iphoneos*]" = "iPhone Developer";
				COPY_PHASE_STRIP = NO;
				DEBUG_INFORMATION_FORMAT = "dwarf-with-dsym";
				ENABLE_NS_ASSERTIONS = NO;
				ENABLE_STRICT_OBJC_MSGSEND = YES;
				GCC_C_LANGUAGE_STANDARD = gnu99;
				GCC_NO_COMMON_BLOCKS = YES;
				GCC_WARN_64_TO_32_BIT_CONVERSION = YES;
				GCC_WARN_ABOUT_RETURN_TYPE = YES_ERROR;
				GCC_WARN_UNDECLARED_SELECTOR = YES;
				GCC_WARN_UNINITIALIZED_AUTOS = YES_AGGRESSIVE;
				GCC_WARN_UNUSED_FUNCTION = YES;
				GCC_WARN_UNUSED_VARIABLE = YES;
				IPHONEOS_DEPLOYMENT_TARGET = 10.0;
				MTL_ENABLE_DEBUG_INFO = NO;
				SDKROOT = iphoneos;
				SWIFT_OPTIMIZATION_LEVEL = "-Owholemodule";
				VALIDATE_PRODUCT = YES;
			};
			name = Release;
		};
		F7AF73D11DC19D9300241768 /* Debug */ = {
			isa = XCBuildConfiguration;
			baseConfigurationReference = E7F70238A3C0B3C8000F377E /* Pods-SaveMe-iPhone.debug.xcconfig */;
			buildSettings = {
				ASSETCATALOG_COMPILER_APPICON_NAME = AppIcon;
				INFOPLIST_FILE = "SaveMe-iPhone/Info.plist";
				LD_RUNPATH_SEARCH_PATHS = "$(inherited) @executable_path/Frameworks";
				PRODUCT_BUNDLE_IDENTIFIER = "com.example.SaveMe-iPhone";
				PRODUCT_NAME = "$(TARGET_NAME)";
				SWIFT_VERSION = 3.0;
			};
			name = Debug;
		};
		F7AF73D21DC19D9300241768 /* Release */ = {
			isa = XCBuildConfiguration;
			baseConfigurationReference = 0D3144E61D1C34E33EE76623 /* Pods-SaveMe-iPhone.release.xcconfig */;
			buildSettings = {
				ASSETCATALOG_COMPILER_APPICON_NAME = AppIcon;
				INFOPLIST_FILE = "SaveMe-iPhone/Info.plist";
				LD_RUNPATH_SEARCH_PATHS = "$(inherited) @executable_path/Frameworks";
				PRODUCT_BUNDLE_IDENTIFIER = "com.example.SaveMe-iPhone";
				PRODUCT_NAME = "$(TARGET_NAME)";
				SWIFT_VERSION = 3.0;
			};
			name = Release;
		};
/* End XCBuildConfiguration section */

/* Begin XCConfigurationList section */
		F7AF73B91DC19D9300241768 /* Build configuration list for PBXProject "SaveMe-iPhone" */ = {
			isa = XCConfigurationList;
			buildConfigurations = (
				F7AF73CE1DC19D9300241768 /* Debug */,
				F7AF73CF1DC19D9300241768 /* Release */,
			);
			defaultConfigurationIsVisible = 0;
			defaultConfigurationName = Release;
		};
		F7AF73D01DC19D9300241768 /* Build configuration list for PBXNativeTarget "SaveMe-iPhone" */ = {
			isa = XCConfigurationList;
			buildConfigurations = (
				F7AF73D11DC19D9300241768 /* Debug */,
				F7AF73D21DC19D9300241768 /* Release */,
			);
			defaultConfigurationIsVisible = 0;
			defaultConfigurationName = Release;
		};
/* End XCConfigurationList section */
	};
	rootObject = F7AF73B61DC19D9300241768 /* Project object */;
}
